// !$*UTF8*$!
{
	archiveVersion = 1;
	classes = {
	};
	objectVersion = 56;
	objects = {

/* Begin PBXBuildFile section */
		203948A32C15376400E2F244 /* AppDelegate.swift in Sources */ = {isa = PBXBuildFile; fileRef = 203948A22C15376400E2F244 /* AppDelegate.swift */; };
		203948A52C15376400E2F244 /* SceneDelegate.swift in Sources */ = {isa = PBXBuildFile; fileRef = 203948A42C15376400E2F244 /* SceneDelegate.swift */; };
		203948A72C15376400E2F244 /* ViewController.swift in Sources */ = {isa = PBXBuildFile; fileRef = 203948A62C15376400E2F244 /* ViewController.swift */; };
		203948AA2C15376400E2F244 /* Main.storyboard in Resources */ = {isa = PBXBuildFile; fileRef = 203948A82C15376400E2F244 /* Main.storyboard */; };
		203948AC2C15378100E2F244 /* Assets.xcassets in Resources */ = {isa = PBXBuildFile; fileRef = 203948AB2C15378100E2F244 /* Assets.xcassets */; };
		203948AF2C15378100E2F244 /* LaunchScreen.storyboard in Resources */ = {isa = PBXBuildFile; fileRef = 203948AD2C15378100E2F244 /* LaunchScreen.storyboard */; };
		203948BA2C15378300E2F244 /* SnapchatTests.swift in Sources */ = {isa = PBXBuildFile; fileRef = 203948B92C15378300E2F244 /* SnapchatTests.swift */; };
		203948C42C15378300E2F244 /* SnapchatUITests.swift in Sources */ = {isa = PBXBuildFile; fileRef = 203948C32C15378300E2F244 /* SnapchatUITests.swift */; };
		203948C62C15378300E2F244 /* SnapchatUITestsLaunchTests.swift in Sources */ = {isa = PBXBuildFile; fileRef = 203948C52C15378300E2F244 /* SnapchatUITestsLaunchTests.swift */; };
/* End PBXBuildFile section */

/* Begin PBXContainerItemProxy section */
		203948B62C15378300E2F244 /* PBXContainerItemProxy */ = {
			isa = PBXContainerItemProxy;
			containerPortal = 203948972C15376300E2F244 /* Project object */;
			proxyType = 1;
			remoteGlobalIDString = 2039489E2C15376300E2F244;
			remoteInfo = Snapchat;
		};
		203948C02C15378300E2F244 /* PBXContainerItemProxy */ = {
			isa = PBXContainerItemProxy;
			containerPortal = 203948972C15376300E2F244 /* Project object */;
			proxyType = 1;
			remoteGlobalIDString = 2039489E2C15376300E2F244;
			remoteInfo = Snapchat;
		};
/* End PBXContainerItemProxy section */

/* Begin PBXFileReference section */
		2039489F2C15376400E2F244 /* Snapchat.app */ = {isa = PBXFileReference; explicitFileType = wrapper.application; includeInIndex = 0; path = Snapchat.app; sourceTree = BUILT_PRODUCTS_DIR; };
		203948A22C15376400E2F244 /* AppDelegate.swift */ = {isa = PBXFileReference; lastKnownFileType = sourcecode.swift; path = AppDelegate.swift; sourceTree = "<group>"; };
		203948A42C15376400E2F244 /* SceneDelegate.swift */ = {isa = PBXFileReference; lastKnownFileType = sourcecode.swift; path = SceneDelegate.swift; sourceTree = "<group>"; };
		203948A62C15376400E2F244 /* ViewController.swift */ = {isa = PBXFileReference; lastKnownFileType = sourcecode.swift; path = ViewController.swift; sourceTree = "<group>"; };
		203948A92C15376400E2F244 /* Base */ = {isa = PBXFileReference; lastKnownFileType = file.storyboard; name = Base; path = Base.lproj/Main.storyboard; sourceTree = "<group>"; };
		203948AB2C15378100E2F244 /* Assets.xcassets */ = {isa = PBXFileReference; lastKnownFileType = folder.assetcatalog; path = Assets.xcassets; sourceTree = "<group>"; };
		203948AE2C15378100E2F244 /* Base */ = {isa = PBXFileReference; lastKnownFileType = file.storyboard; name = Base; path = Base.lproj/LaunchScreen.storyboard; sourceTree = "<group>"; };
		203948B02C15378100E2F244 /* Info.plist */ = {isa = PBXFileReference; lastKnownFileType = text.plist.xml; path = Info.plist; sourceTree = "<group>"; };
		203948B52C15378300E2F244 /* SnapchatTests.xctest */ = {isa = PBXFileReference; explicitFileType = wrapper.cfbundle; includeInIndex = 0; path = SnapchatTests.xctest; sourceTree = BUILT_PRODUCTS_DIR; };
		203948B92C15378300E2F244 /* SnapchatTests.swift */ = {isa = PBXFileReference; lastKnownFileType = sourcecode.swift; path = SnapchatTests.swift; sourceTree = "<group>"; };
		203948BF2C15378300E2F244 /* SnapchatUITests.xctest */ = {isa = PBXFileReference; explicitFileType = wrapper.cfbundle; includeInIndex = 0; path = SnapchatUITests.xctest; sourceTree = BUILT_PRODUCTS_DIR; };
		203948C32C15378300E2F244 /* SnapchatUITests.swift */ = {isa = PBXFileReference; lastKnownFileType = sourcecode.swift; path = SnapchatUITests.swift; sourceTree = "<group>"; };
		203948C52C15378300E2F244 /* SnapchatUITestsLaunchTests.swift */ = {isa = PBXFileReference; lastKnownFileType = sourcecode.swift; path = SnapchatUITestsLaunchTests.swift; sourceTree = "<group>"; };
/* End PBXFileReference section */

/* Begin PBXFrameworksBuildPhase section */
		2039489C2C15376300E2F244 /* Frameworks */ = {
			isa = PBXFrameworksBuildPhase;
			buildActionMask = 2147483647;
			files = (
			);
			runOnlyForDeploymentPostprocessing = 0;
		};
		203948B22C15378300E2F244 /* Frameworks */ = {
			isa = PBXFrameworksBuildPhase;
			buildActionMask = 2147483647;
			files = (
			);
			runOnlyForDeploymentPostprocessing = 0;
		};
		203948BC2C15378300E2F244 /* Frameworks */ = {
			isa = PBXFrameworksBuildPhase;
			buildActionMask = 2147483647;
			files = (
			);
			runOnlyForDeploymentPostprocessing = 0;
		};
/* End PBXFrameworksBuildPhase section */

/* Begin PBXGroup section */
		203948962C15376300E2F244 = {
			isa = PBXGroup;
			children = (
				203948A12C15376400E2F244 /* Snapchat */,
				203948B82C15378300E2F244 /* SnapchatTests */,
				203948C22C15378300E2F244 /* SnapchatUITests */,
				203948A02C15376400E2F244 /* Products */,
			);
			sourceTree = "<group>";
		};
		203948A02C15376400E2F244 /* Products */ = {
			isa = PBXGroup;
			children = (
				2039489F2C15376400E2F244 /* Snapchat.app */,
				203948B52C15378300E2F244 /* SnapchatTests.xctest */,
				203948BF2C15378300E2F244 /* SnapchatUITests.xctest */,
			);
			name = Products;
			sourceTree = "<group>";
		};
		203948A12C15376400E2F244 /* Snapchat */ = {
			isa = PBXGroup;
			children = (
				203948A22C15376400E2F244 /* AppDelegate.swift */,
				203948A42C15376400E2F244 /* SceneDelegate.swift */,
				203948A62C15376400E2F244 /* ViewController.swift */,
				203948A82C15376400E2F244 /* Main.storyboard */,
				203948AB2C15378100E2F244 /* Assets.xcassets */,
				203948AD2C15378100E2F244 /* LaunchScreen.storyboard */,
				203948B02C15378100E2F244 /* Info.plist */,
			);
			path = Snapchat;
			sourceTree = "<group>";
		};
		203948B82C15378300E2F244 /* SnapchatTests */ = {
			isa = PBXGroup;
			children = (
				203948B92C15378300E2F244 /* SnapchatTests.swift */,
			);
			path = SnapchatTests;
			sourceTree = "<group>";
		};
		203948C22C15378300E2F244 /* SnapchatUITests */ = {
			isa = PBXGroup;
			children = (
				203948C32C15378300E2F244 /* SnapchatUITests.swift */,
				203948C52C15378300E2F244 /* SnapchatUITestsLaunchTests.swift */,
			);
			path = SnapchatUITests;
			sourceTree = "<group>";
		};
/* End PBXGroup section */

/* Begin PBXNativeTarget section */
		2039489E2C15376300E2F244 /* Snapchat */ = {
			isa = PBXNativeTarget;
			buildConfigurationList = 203948C92C15378300E2F244 /* Build configuration list for PBXNativeTarget "Snapchat" */;
			buildPhases = (
				2039489B2C15376300E2F244 /* Sources */,
				2039489C2C15376300E2F244 /* Frameworks */,
				2039489D2C15376300E2F244 /* Resources */,
			);
			buildRules = (
			);
			dependencies = (
			);
			name = Snapchat;
			productName = Snapchat;
			productReference = 2039489F2C15376400E2F244 /* Snapchat.app */;
			productType = "com.apple.product-type.application";
		};
		203948B42C15378300E2F244 /* SnapchatTests */ = {
			isa = PBXNativeTarget;
			buildConfigurationList = 203948CC2C15378300E2F244 /* Build configuration list for PBXNativeTarget "SnapchatTests" */;
			buildPhases = (
				203948B12C15378300E2F244 /* Sources */,
				203948B22C15378300E2F244 /* Frameworks */,
				203948B32C15378300E2F244 /* Resources */,
			);
			buildRules = (
			);
			dependencies = (
				203948B72C15378300E2F244 /* PBXTargetDependency */,
			);
			name = SnapchatTests;
			productName = SnapchatTests;
			productReference = 203948B52C15378300E2F244 /* SnapchatTests.xctest */;
			productType = "com.apple.product-type.bundle.unit-test";
		};
		203948BE2C15378300E2F244 /* SnapchatUITests */ = {
			isa = PBXNativeTarget;
			buildConfigurationList = 203948CF2C15378300E2F244 /* Build configuration list for PBXNativeTarget "SnapchatUITests" */;
			buildPhases = (
				203948BB2C15378300E2F244 /* Sources */,
				203948BC2C15378300E2F244 /* Frameworks */,
				203948BD2C15378300E2F244 /* Resources */,
			);
			buildRules = (
			);
			dependencies = (
				203948C12C15378300E2F244 /* PBXTargetDependency */,
			);
			name = SnapchatUITests;
			productName = SnapchatUITests;
			productReference = 203948BF2C15378300E2F244 /* SnapchatUITests.xctest */;
			productType = "com.apple.product-type.bundle.ui-testing";
		};
/* End PBXNativeTarget section */

/* Begin PBXProject section */
		203948972C15376300E2F244 /* Project object */ = {
			isa = PBXProject;
			attributes = {
				BuildIndependentTargetsInParallel = 1;
				LastSwiftUpdateCheck = 1420;
				LastUpgradeCheck = 1420;
				TargetAttributes = {
					2039489E2C15376300E2F244 = {
						CreatedOnToolsVersion = 14.2;
					};
					203948B42C15378300E2F244 = {
						CreatedOnToolsVersion = 14.2;
						TestTargetID = 2039489E2C15376300E2F244;
					};
					203948BE2C15378300E2F244 = {
						CreatedOnToolsVersion = 14.2;
						TestTargetID = 2039489E2C15376300E2F244;
					};
				};
			};
			buildConfigurationList = 2039489A2C15376300E2F244 /* Build configuration list for PBXProject "Snapchat" */;
			compatibilityVersion = "Xcode 14.0";
			developmentRegion = en;
			hasScannedForEncodings = 0;
			knownRegions = (
				en,
				Base,
			);
			mainGroup = 203948962C15376300E2F244;
			productRefGroup = 203948A02C15376400E2F244 /* Products */;
			projectDirPath = "";
			projectRoot = "";
			targets = (
				2039489E2C15376300E2F244 /* Snapchat */,
				203948B42C15378300E2F244 /* SnapchatTests */,
				203948BE2C15378300E2F244 /* SnapchatUITests */,
			);
		};
/* End PBXProject section */

/* Begin PBXResourcesBuildPhase section */
		2039489D2C15376300E2F244 /* Resources */ = {
			isa = PBXResourcesBuildPhase;
			buildActionMask = 2147483647;
			files = (
				203948AF2C15378100E2F244 /* LaunchScreen.storyboard in Resources */,
				203948AC2C15378100E2F244 /* Assets.xcassets in Resources */,
				203948AA2C15376400E2F244 /* Main.storyboard in Resources */,
			);
			runOnlyForDeploymentPostprocessing = 0;
		};
		203948B32C15378300E2F244 /* Resources */ = {
			isa = PBXResourcesBuildPhase;
			buildActionMask = 2147483647;
			files = (
			);
			runOnlyForDeploymentPostprocessing = 0;
		};
		203948BD2C15378300E2F244 /* Resources */ = {
			isa = PBXResourcesBuildPhase;
			buildActionMask = 2147483647;
			files = (
			);
			runOnlyForDeploymentPostprocessing = 0;
		};
/* End PBXResourcesBuildPhase section */

/* Begin PBXSourcesBuildPhase section */
		2039489B2C15376300E2F244 /* Sources */ = {
			isa = PBXSourcesBuildPhase;
			buildActionMask = 2147483647;
			files = (
				203948A72C15376400E2F244 /* ViewController.swift in Sources */,
				203948A32C15376400E2F244 /* AppDelegate.swift in Sources */,
				203948A52C15376400E2F244 /* SceneDelegate.swift in Sources */,
			);
			runOnlyForDeploymentPostprocessing = 0;
		};
		203948B12C15378300E2F244 /* Sources */ = {
			isa = PBXSourcesBuildPhase;
			buildActionMask = 2147483647;
			files = (
				203948BA2C15378300E2F244 /* SnapchatTests.swift in Sources */,
			);
			runOnlyForDeploymentPostprocessing = 0;
		};
		203948BB2C15378300E2F244 /* Sources */ = {
			isa = PBXSourcesBuildPhase;
			buildActionMask = 2147483647;
			files = (
				203948C62C15378300E2F244 /* SnapchatUITestsLaunchTests.swift in Sources */,
				203948C42C15378300E2F244 /* SnapchatUITests.swift in Sources */,
			);
			runOnlyForDeploymentPostprocessing = 0;
		};
/* End PBXSourcesBuildPhase section */

/* Begin PBXTargetDependency section */
		203948B72C15378300E2F244 /* PBXTargetDependency */ = {
			isa = PBXTargetDependency;
			target = 2039489E2C15376300E2F244 /* Snapchat */;
			targetProxy = 203948B62C15378300E2F244 /* PBXContainerItemProxy */;
		};
		203948C12C15378300E2F244 /* PBXTargetDependency */ = {
			isa = PBXTargetDependency;
			target = 2039489E2C15376300E2F244 /* Snapchat */;
			targetProxy = 203948C02C15378300E2F244 /* PBXContainerItemProxy */;
		};
/* End PBXTargetDependency section */

/* Begin PBXVariantGroup section */
		203948A82C15376400E2F244 /* Main.storyboard */ = {
			isa = PBXVariantGroup;
			children = (
				203948A92C15376400E2F244 /* Base */,
			);
			name = Main.storyboard;
			sourceTree = "<group>";
		};
		203948AD2C15378100E2F244 /* LaunchScreen.storyboard */ = {
			isa = PBXVariantGroup;
			children = (
				203948AE2C15378100E2F244 /* Base */,
			);
			name = LaunchScreen.storyboard;
			sourceTree = "<group>";
		};
/* End PBXVariantGroup section */

/* Begin XCBuildConfiguration section */
		203948C72C15378300E2F244 /* Debug */ = {
			isa = XCBuildConfiguration;
			buildSettings = {
				ALWAYS_SEARCH_USER_PATHS = NO;
				CLANG_ANALYZER_NONNULL = YES;
				CLANG_ANALYZER_NUMBER_OBJECT_CONVERSION = YES_AGGRESSIVE;
				CLANG_CXX_LANGUAGE_STANDARD = "gnu++20";
				CLANG_ENABLE_MODULES = YES;
				CLANG_ENABLE_OBJC_ARC = YES;
				CLANG_ENABLE_OBJC_WEAK = YES;
				CLANG_WARN_BLOCK_CAPTURE_AUTORELEASING = YES;
				CLANG_WARN_BOOL_CONVERSION = YES;
				CLANG_WARN_COMMA = YES;
				CLANG_WARN_CONSTANT_CONVERSION = YES;
				CLANG_WARN_DEPRECATED_OBJC_IMPLEMENTATIONS = YES;
				CLANG_WARN_DIRECT_OBJC_ISA_USAGE = YES_ERROR;
				CLANG_WARN_DOCUMENTATION_COMMENTS = YES;
				CLANG_WARN_EMPTY_BODY = YES;
				CLANG_WARN_ENUM_CONVERSION = YES;
				CLANG_WARN_INFINITE_RECURSION = YES;
				CLANG_WARN_INT_CONVERSION = YES;
				CLANG_WARN_NON_LITERAL_NULL_CONVERSION = YES;
				CLANG_WARN_OBJC_IMPLICIT_RETAIN_SELF = YES;
				CLANG_WARN_OBJC_LITERAL_CONVERSION = YES;
				CLANG_WARN_OBJC_ROOT_CLASS = YES_ERROR;
				CLANG_WARN_QUOTED_INCLUDE_IN_FRAMEWORK_HEADER = YES;
				CLANG_WARN_RANGE_LOOP_ANALYSIS = YES;
				CLANG_WARN_STRICT_PROTOTYPES = YES;
				CLANG_WARN_SUSPICIOUS_MOVE = YES;
				CLANG_WARN_UNGUARDED_AVAILABILITY = YES_AGGRESSIVE;
				CLANG_WARN_UNREACHABLE_CODE = YES;
				CLANG_WARN__DUPLICATE_METHOD_MATCH = YES;
				COPY_PHASE_STRIP = NO;
				DEBUG_INFORMATION_FORMAT = dwarf;
				ENABLE_STRICT_OBJC_MSGSEND = YES;
				ENABLE_TESTABILITY = YES;
				GCC_C_LANGUAGE_STANDARD = gnu11;
				GCC_DYNAMIC_NO_PIC = NO;
				GCC_NO_COMMON_BLOCKS = YES;
				GCC_OPTIMIZATION_LEVEL = 0;
				GCC_PREPROCESSOR_DEFINITIONS = (
					"DEBUG=1",
					"$(inherited)",
				);
				GCC_WARN_64_TO_32_BIT_CONVERSION = YES;
				GCC_WARN_ABOUT_RETURN_TYPE = YES_ERROR;
				GCC_WARN_UNDECLARED_SELECTOR = YES;
				GCC_WARN_UNINITIALIZED_AUTOS = YES_AGGRESSIVE;
				GCC_WARN_UNUSED_FUNCTION = YES;
				GCC_WARN_UNUSED_VARIABLE = YES;
				IPHONEOS_DEPLOYMENT_TARGET = 16.2;
				MTL_ENABLE_DEBUG_INFO = INCLUDE_SOURCE;
				MTL_FAST_MATH = YES;
				ONLY_ACTIVE_ARCH = YES;
				SDKROOT = iphoneos;
				SWIFT_ACTIVE_COMPILATION_CONDITIONS = DEBUG;
				SWIFT_OPTIMIZATION_LEVEL = "-Onone";
			};
			name = Debug;
		};
		203948C82C15378300E2F244 /* Release */ = {
			isa = XCBuildConfiguration;
			buildSettings = {
				ALWAYS_SEARCH_USER_PATHS = NO;
				CLANG_ANALYZER_NONNULL = YES;
				CLANG_ANALYZER_NUMBER_OBJECT_CONVERSION = YES_AGGRESSIVE;
				CLANG_CXX_LANGUAGE_STANDARD = "gnu++20";
				CLANG_ENABLE_MODULES = YES;
				CLANG_ENABLE_OBJC_ARC = YES;
				CLANG_ENABLE_OBJC_WEAK = YES;
				CLANG_WARN_BLOCK_CAPTURE_AUTORELEASING = YES;
				CLANG_WARN_BOOL_CONVERSION = YES;
				CLANG_WARN_COMMA = YES;
				CLANG_WARN_CONSTANT_CONVERSION = YES;
				CLANG_WARN_DEPRECATED_OBJC_IMPLEMENTATIONS = YES;
				CLANG_WARN_DIRECT_OBJC_ISA_USAGE = YES_ERROR;
				CLANG_WARN_DOCUMENTATION_COMMENTS = YES;
				CLANG_WARN_EMPTY_BODY = YES;
				CLANG_WARN_ENUM_CONVERSION = YES;
				CLANG_WARN_INFINITE_RECURSION = YES;
				CLANG_WARN_INT_CONVERSION = YES;
				CLANG_WARN_NON_LITERAL_NULL_CONVERSION = YES;
				CLANG_WARN_OBJC_IMPLICIT_RETAIN_SELF = YES;
				CLANG_WARN_OBJC_LITERAL_CONVERSION = YES;
				CLANG_WARN_OBJC_ROOT_CLASS = YES_ERROR;
				CLANG_WARN_QUOTED_INCLUDE_IN_FRAMEWORK_HEADER = YES;
				CLANG_WARN_RANGE_LOOP_ANALYSIS = YES;
				CLANG_WARN_STRICT_PROTOTYPES = YES;
				CLANG_WARN_SUSPICIOUS_MOVE = YES;
				CLANG_WARN_UNGUARDED_AVAILABILITY = YES_AGGRESSIVE;
				CLANG_WARN_UNREACHABLE_CODE = YES;
				CLANG_WARN__DUPLICATE_METHOD_MATCH = YES;
				COPY_PHASE_STRIP = NO;
				DEBUG_INFORMATION_FORMAT = "dwarf-with-dsym";
				ENABLE_NS_ASSERTIONS = NO;
				ENABLE_STRICT_OBJC_MSGSEND = YES;
				GCC_C_LANGUAGE_STANDARD = gnu11;
				GCC_NO_COMMON_BLOCKS = YES;
				GCC_WARN_64_TO_32_BIT_CONVERSION = YES;
				GCC_WARN_ABOUT_RETURN_TYPE = YES_ERROR;
				GCC_WARN_UNDECLARED_SELECTOR = YES;
				GCC_WARN_UNINITIALIZED_AUTOS = YES_AGGRESSIVE;
				GCC_WARN_UNUSED_FUNCTION = YES;
				GCC_WARN_UNUSED_VARIABLE = YES;
				IPHONEOS_DEPLOYMENT_TARGET = 16.2;
				MTL_ENABLE_DEBUG_INFO = NO;
				MTL_FAST_MATH = YES;
				SDKROOT = iphoneos;
				SWIFT_COMPILATION_MODE = wholemodule;
				SWIFT_OPTIMIZATION_LEVEL = "-O";
				VALIDATE_PRODUCT = YES;
			};
			name = Release;
		};
		203948CA2C15378300E2F244 /* Debug */ = {
			isa = XCBuildConfiguration;
			buildSettings = {
				ASSETCATALOG_COMPILER_APPICON_NAME = AppIcon;
				ASSETCATALOG_COMPILER_GLOBAL_ACCENT_COLOR_NAME = AccentColor;
				CODE_SIGN_STYLE = Automatic;
				CURRENT_PROJECT_VERSION = 1;
				GENERATE_INFOPLIST_FILE = YES;
				INFOPLIST_FILE = Snapchat/Info.plist;
				INFOPLIST_KEY_UIApplicationSupportsIndirectInputEvents = YES;
				INFOPLIST_KEY_UILaunchStoryboardName = LaunchScreen;
				INFOPLIST_KEY_UIMainStoryboardFile = Main;
				INFOPLIST_KEY_UISupportedInterfaceOrientations_iPad = "UIInterfaceOrientationPortrait UIInterfaceOrientationPortraitUpsideDown UIInterfaceOrientationLandscapeLeft UIInterfaceOrientationLandscapeRight";
				INFOPLIST_KEY_UISupportedInterfaceOrientations_iPhone = "UIInterfaceOrientationPortrait UIInterfaceOrientationLandscapeLeft UIInterfaceOrientationLandscapeRight";
				LD_RUNPATH_SEARCH_PATHS = (
					"$(inherited)",
					"@executable_path/Frameworks",
				);
				MARKETING_VERSION = 1.0;
				PRODUCT_BUNDLE_IDENTIFIER = com.empresa.Snapchat;
				PRODUCT_NAME = "$(TARGET_NAME)";
				SWIFT_EMIT_LOC_STRINGS = YES;
				SWIFT_VERSION = 5.0;
				TARGETED_DEVICE_FAMILY = "1,2";
			};
			name = Debug;
		};
		203948CB2C15378300E2F244 /* Release */ = {
			isa = XCBuildConfiguration;
			buildSettings = {
				ASSETCATALOG_COMPILER_APPICON_NAME = AppIcon;
				ASSETCATALOG_COMPILER_GLOBAL_ACCENT_COLOR_NAME = AccentColor;
				CODE_SIGN_STYLE = Automatic;
				CURRENT_PROJECT_VERSION = 1;
				GENERATE_INFOPLIST_FILE = YES;
				INFOPLIST_FILE = Snapchat/Info.plist;
				INFOPLIST_KEY_UIApplicationSupportsIndirectInputEvents = YES;
				INFOPLIST_KEY_UILaunchStoryboardName = LaunchScreen;
				INFOPLIST_KEY_UIMainStoryboardFile = Main;
				INFOPLIST_KEY_UISupportedInterfaceOrientations_iPad = "UIInterfaceOrientationPortrait UIInterfaceOrientationPortraitUpsideDown UIInterfaceOrientationLandscapeLeft UIInterfaceOrientationLandscapeRight";
				INFOPLIST_KEY_UISupportedInterfaceOrientations_iPhone = "UIInterfaceOrientationPortrait UIInterfaceOrientationLandscapeLeft UIInterfaceOrientationLandscapeRight";
				LD_RUNPATH_SEARCH_PATHS = (
					"$(inherited)",
					"@executable_path/Frameworks",
				);
				MARKETING_VERSION = 1.0;
				PRODUCT_BUNDLE_IDENTIFIER = com.empresa.Snapchat;
				PRODUCT_NAME = "$(TARGET_NAME)";
				SWIFT_EMIT_LOC_STRINGS = YES;
				SWIFT_VERSION = 5.0;
				TARGETED_DEVICE_FAMILY = "1,2";
			};
			name = Release;
		};
		203948CD2C15378300E2F244 /* Debug */ = {
			isa = XCBuildConfiguration;
			buildSettings = {
				ALWAYS_EMBED_SWIFT_STANDARD_LIBRARIES = YES;
				BUNDLE_LOADER = "$(TEST_HOST)";
				CODE_SIGN_STYLE = Automatic;
				CURRENT_PROJECT_VERSION = 1;
				GENERATE_INFOPLIST_FILE = YES;
				IPHONEOS_DEPLOYMENT_TARGET = 16.2;
				MARKETING_VERSION = 1.0;
				PRODUCT_BUNDLE_IDENTIFIER = com.empresa.SnapchatTests;
				PRODUCT_NAME = "$(TARGET_NAME)";
				SWIFT_EMIT_LOC_STRINGS = NO;
				SWIFT_VERSION = 5.0;
				TARGETED_DEVICE_FAMILY = "1,2";
				TEST_HOST = "$(BUILT_PRODUCTS_DIR)/Snapchat.app/$(BUNDLE_EXECUTABLE_FOLDER_PATH)/Snapchat";
			};
			name = Debug;
		};
		203948CE2C15378300E2F244 /* Release */ = {
			isa = XCBuildConfiguration;
			buildSettings = {
				ALWAYS_EMBED_SWIFT_STANDARD_LIBRARIES = YES;
				BUNDLE_LOADER = "$(TEST_HOST)";
				CODE_SIGN_STYLE = Automatic;
				CURRENT_PROJECT_VERSION = 1;
				GENERATE_INFOPLIST_FILE = YES;
				IPHONEOS_DEPLOYMENT_TARGET = 16.2;
				MARKETING_VERSION = 1.0;
				PRODUCT_BUNDLE_IDENTIFIER = com.empresa.SnapchatTests;
				PRODUCT_NAME = "$(TARGET_NAME)";
				SWIFT_EMIT_LOC_STRINGS = NO;
				SWIFT_VERSION = 5.0;
				TARGETED_DEVICE_FAMILY = "1,2";
				TEST_HOST = "$(BUILT_PRODUCTS_DIR)/Snapchat.app/$(BUNDLE_EXECUTABLE_FOLDER_PATH)/Snapchat";
			};
			name = Release;
		};
		203948D02C15378300E2F244 /* Debug */ = {
			isa = XCBuildConfiguration;
			buildSettings = {
				ALWAYS_EMBED_SWIFT_STANDARD_LIBRARIES = YES;
				CODE_SIGN_STYLE = Automatic;
				CURRENT_PROJECT_VERSION = 1;
				GENERATE_INFOPLIST_FILE = YES;
				MARKETING_VERSION = 1.0;
				PRODUCT_BUNDLE_IDENTIFIER = com.empresa.SnapchatUITests;
				PRODUCT_NAME = "$(TARGET_NAME)";
				SWIFT_EMIT_LOC_STRINGS = NO;
				SWIFT_VERSION = 5.0;
				TARGETED_DEVICE_FAMILY = "1,2";
				TEST_TARGET_NAME = Snapchat;
			};
			name = Debug;
		};
		203948D12C15378300E2F244 /* Release */ = {
			isa = XCBuildConfiguration;
			buildSettings = {
				ALWAYS_EMBED_SWIFT_STANDARD_LIBRARIES = YES;
				CODE_SIGN_STYLE = Automatic;
				CURRENT_PROJECT_VERSION = 1;
				GENERATE_INFOPLIST_FILE = YES;
				MARKETING_VERSION = 1.0;
				PRODUCT_BUNDLE_IDENTIFIER = com.empresa.SnapchatUITests;
				PRODUCT_NAME = "$(TARGET_NAME)";
				SWIFT_EMIT_LOC_STRINGS = NO;
				SWIFT_VERSION = 5.0;
				TARGETED_DEVICE_FAMILY = "1,2";
				TEST_TARGET_NAME = Snapchat;
			};
			name = Release;
		};
/* End XCBuildConfiguration section */

/* Begin XCConfigurationList section */
		2039489A2C15376300E2F244 /* Build configuration list for PBXProject "Snapchat" */ = {
			isa = XCConfigurationList;
			buildConfigurations = (
				203948C72C15378300E2F244 /* Debug */,
				203948C82C15378300E2F244 /* Release */,
			);
			defaultConfigurationIsVisible = 0;
			defaultConfigurationName = Release;
		};
		203948C92C15378300E2F244 /* Build configuration list for PBXNativeTarget "Snapchat" */ = {
			isa = XCConfigurationList;
			buildConfigurations = (
				203948CA2C15378300E2F244 /* Debug */,
				203948CB2C15378300E2F244 /* Release */,
			);
			defaultConfigurationIsVisible = 0;
			defaultConfigurationName = Release;
		};
		203948CC2C15378300E2F244 /* Build configuration list for PBXNativeTarget "SnapchatTests" */ = {
			isa = XCConfigurationList;
			buildConfigurations = (
				203948CD2C15378300E2F244 /* Debug */,
				203948CE2C15378300E2F244 /* Release */,
			);
			defaultConfigurationIsVisible = 0;
			defaultConfigurationName = Release;
		};
		203948CF2C15378300E2F244 /* Build configuration list for PBXNativeTarget "SnapchatUITests" */ = {
			isa = XCConfigurationList;
			buildConfigurations = (
				203948D02C15378300E2F244 /* Debug */,
				203948D12C15378300E2F244 /* Release */,
			);
			defaultConfigurationIsVisible = 0;
			defaultConfigurationName = Release;
		};
/* End XCConfigurationList section */
	};
	rootObject = 203948972C15376300E2F244 /* Project object */;
}
